
Microsoft Visual Studio Solution File, Format Version 12.00
# Visual Studio Version 17
VisualStudioVersion = 17.11.35219.272
MinimumVisualStudioVersion = 10.0.40219.1
Project("{FAE04EC0-301F-11D3-BF4B-00C04F79EFBC}") = "stringmethod", "stringmethod.csproj", "{A7FDAF1C-B0B2-4803-A7CE-AFF94DF38907}"
EndProject
Global
	GlobalSection(SolutionConfigurationPlatforms) = preSolution
		Debug|Any CPU = Debug|Any CPU
		Release|Any CPU = Release|Any CPU
	EndGlobalSection
	GlobalSection(ProjectConfigurationPlatforms) = postSolution
		{A7FDAF1C-B0B2-4803-A7CE-AFF94DF38907}.Debug|Any CPU.ActiveCfg = Debug|Any CPU
		{A7FDAF1C-B0B2-4803-A7CE-AFF94DF38907}.Debug|Any CPU.Build.0 = Debug|Any CPU
		{A7FDAF1C-B0B2-4803-A7CE-AFF94DF38907}.Release|Any CPU.ActiveCfg = Release|Any CPU
		{A7FDAF1C-B0B2-4803-A7CE-AFF94DF38907}.Release|Any CPU.Build.0 = Release|Any CPU
	EndGlobalSection
	GlobalSection(SolutionProperties) = preSolution
		HideSolutionNode = FALSE
	EndGlobalSection
	GlobalSection(ExtensibilityGlobals) = postSolution
		SolutionGuid = {66ADB31B-31C5-4ADF-BF06-ED3492BA544E}
	EndGlobalSection
EndGlobal
